<?xml version="1.0" encoding="utf-8"?>
<Project ToolsVersion="4.0" xmlns="http://schemas.microsoft.com/developer/msbuild/2003">
  <ItemGroup>
    <Filter Include="Source Files">
      <UniqueIdentifier>{4FC737F1-C7A5-4376-A066-2A32D752A2FF}</UniqueIdentifier>
      <Extensions>cpp;c;cc;cxx;def;odl;idl;hpj;bat;asm;asmx</Extensions>
    </Filter>
    <Filter Include="Header Files">
      <UniqueIdentifier>{93995380-89BD-4b04-88EB-625FBE52EBFB}</UniqueIdentifier>
      <Extensions>h;hh;hpp;hxx;hm;inl;inc;xsd</Extensions>
    </Filter>
    <Filter Include="Resource Files">
      <UniqueIdentifier>{67DA6AB6-F800-4c08-8B7A-83BB121AAD01}</UniqueIdentifier>
      <Extensions>qrc;rc;ico;cur;bmp;dlg;rc2;rct;bin;rgs;gif;jpg;jpeg;jpe;resx;tiff;tif;png;wav;mfcribbon-ms</Extensions>
    </Filter>
    <Filter Include="Form Files">
      <UniqueIdentifier>{99349809-55BA-4b9d-BF79-8FDBB0286EB3}</UniqueIdentifier>
      <Extensions>ui</Extensions>
    </Filter>
    <Filter Include="Translation Files">
      <UniqueIdentifier>{639EADAA-A684-42e4-A9AD-28FC9BCB8F7C}</UniqueIdentifier>
      <Extensions>ts</Extensions>
    </Filter>
  </ItemGroup>
  <ItemGroup>
    <QtRcc Include="TP_LOG2810_Qt.qrc">
      <Filter>Resource Files</Filter>
    </QtRcc>
    <QtUic Include="JeuxInstructif.ui">
      <Filter>Form Files</Filter>
    </QtUic>
    <QtMoc Include="src\TP_LOG2810_Qt.h">
      <Filter>Header Files</Filter>
    </QtMoc>
    <ClCompile Include="src\TP_LOG2810_Qt.cpp">
      <Filter>Source Files</Filter>
    </ClCompile>
  </ItemGroup>
  <ItemGroup>
    <ClCompile Include="src\main.cpp">
      <Filter>Source Files</Filter>
    </ClCompile>
    <ClCompile Include="src\automate.cpp">
      <Filter>Source Files</Filter>
    </ClCompile>
    <ClCompile Include="src\carte.cpp">
      <Filter>Source Files</Filter>
    </ClCompile>
    <ClCompile Include="src\Etat.cpp">
      <Filter>Source Files</Filter>
    </ClCompile>
    <ClCompile Include="src\explorationDuMonde.cpp">
      <Filter>Source Files</Filter>
    </ClCompile>
    <ClCompile Include="src\jeuInstructif.cpp">
      <Filter>Source Files</Filter>
    </ClCompile>
    <ClCompile Include="src\sommet.cpp">
      <Filter>Source Files</Filter>
    </ClCompile>
    <ClCompile Include="x64\Debug\moc\moc_TP_LOG2810_Qt.cpp">
      <Filter>Source Files</Filter>
    </ClCompile>
    <ClCompile Include="x64\Debug\rcc\qrc_TP_LOG2810_Qt.cpp">
      <Filter>Source Files</Filter>
    </ClCompile>
    <ClCompile Include="x64\Release\moc\moc_TP_LOG2810_Qt.cpp">
      <Filter>Source Files</Filter>
    </ClCompile>
    <ClCompile Include="x64\Release\rcc\qrc_TP_LOG2810_Qt.cpp">
      <Filter>Source Files</Filter>
    </ClCompile>
    <ClCompile Include="src\MyDialog.cpp">
      <Filter>Source Files</Filter>
    </ClCompile>
    <ClCompile Include="src\SelectionMode.cpp">
      <Filter>Source Files</Filter>
    </ClCompile>
    <ClCompile Include="src\ChoixApplication.cpp">
      <Filter>Source Files</Filter>
    </ClCompile>
    <ClCompile Include="src\ExtractionGraphe.cpp">
      <Filter>Source Files</Filter>
    </ClCompile>
  </ItemGroup>
  <ItemGroup>
    <ClInclude Include="src\automate.h">
      <Filter>Header Files</Filter>
    </ClInclude>
    <ClInclude Include="src\carte.h">
      <Filter>Header Files</Filter>
    </ClInclude>
    <ClInclude Include="src\Etat.h">
      <Filter>Header Files</Filter>
    </ClInclude>
    <ClInclude Include="src\explorationDuMonde.h">
      <Filter>Header Files</Filter>
    </ClInclude>
    <ClInclude Include="src\jeuInstructif.h">
      <Filter>Header Files</Filter>
    </ClInclude>
    <ClInclude Include="src\sommet.h">
      <Filter>Header Files</Filter>
    </ClInclude>
    <ClInclude Include="src\SelectionMode.h">
      <Filter>Header Files</Filter>
    </ClInclude>
    <ClInclude Include="x64\Debug\uic\ui_choixApplication.h">
      <Filter>Header Files</Filter>
    </ClInclude>
    <ClInclude Include="x64\Debug\uic\ui_choixModes.h">
      <Filter>Header Files</Filter>
    </ClInclude>
    <ClInclude Include="x64\Debug\uic\ui_choixModesJeux.h">
      <Filter>Header Files</Filter>
    </ClInclude>
    <ClInclude Include="x64\Debug\uic\ui_Exploration du monde.h">
      <Filter>Header Files</Filter>
    </ClInclude>
    <ClInclude Include="x64\Debug\uic\ui_extractionGraphe.h">
      <Filter>Header Files</Filter>
    </ClInclude>
    <ClInclude Include="x64\Debug\uic\ui_JeuxInstructif.h">
      <Filter>Header Files</Filter>
    </ClInclude>
  </ItemGroup>
  <ItemGroup>
    <Text Include="data_partie2\lexique1.txt" />
    <Text Include="data_partie2\lexique2.txt" />
    <Text Include="data_partie2\lexique3.txt" />
    <Text Include="data_partie2\lexique4.txt" />
    <Text Include="data_partie2\lexique5.txt" />
    <Text Include="data_partie2\lexique6.txt" />
    <Text Include="data_partie1\grapheAmSud.txt" />
    <Text Include="data_partie1\grapheCanada.txt" />
    <Text Include="data_partie1\grapheFrance.txt" />
    <Text Include="data_partie1\grapheTest.txt" />
  </ItemGroup>
  <ItemGroup>
    <QtUic Include="choixModesJeux.ui">
      <Filter>Form Files</Filter>
    </QtUic>
    <QtUic Include="Exploration du monde.ui">
      <Filter>Form Files</Filter>
    </QtUic>
    <QtUic Include="extractionGraphe.ui">
      <Filter>Form Files</Filter>
    </QtUic>
    <QtUic Include="choixApplication.ui">
      <Filter>Form Files</Filter>
    </QtUic>
  </ItemGroup>
  <ItemGroup>
    <QtMoc Include="src\MyDialog.h">
      <Filter>Header Files</Filter>
    </QtMoc>
    <QtMoc Include="src\ChoixApplication.h">
      <Filter>Header Files</Filter>
    </QtMoc>
    <QtMoc Include="src\ExtractionGraphe.h">
      <Filter>Header Files</Filter>
    </QtMoc>
  </ItemGroup>
</Project>